# This file is automatically @generated by Cargo.
# It is not intended for manual editing.
version = 4

[[package]]
name = "h7r3-runtime"
version = "0.1.0"
dependencies = [
 "orange-dsp",
]

[[package]]
name = "orange-dsp"
version = "0.1.0"

[[package]]
name = "orange-render"
version = "0.1.0"
dependencies = [
 "orange-dsp",
]
